// !$*UTF8*$!
{
	archiveVersion = 1;
	classes = {
	};
	objectVersion = 50;
	objects = {

/* Begin PBXBuildFile section */
		DABC2E1523A3321F00B67351 /* AppDelegate.swift in Sources */ = {isa = PBXBuildFile; fileRef = DABC2E1423A3321F00B67351 /* AppDelegate.swift */; };
		DABC2E1723A3321F00B67351 /* SceneDelegate.swift in Sources */ = {isa = PBXBuildFile; fileRef = DABC2E1623A3321F00B67351 /* SceneDelegate.swift */; };
		DABC2E1923A3321F00B67351 /* ViewController.swift in Sources */ = {isa = PBXBuildFile; fileRef = DABC2E1823A3321F00B67351 /* ViewController.swift */; };
		DABC2E1C23A3321F00B67351 /* Main.storyboard in Resources */ = {isa = PBXBuildFile; fileRef = DABC2E1A23A3321F00B67351 /* Main.storyboard */; };
		DABC2E1E23A3322700B67351 /* Assets.xcassets in Resources */ = {isa = PBXBuildFile; fileRef = DABC2E1D23A3322700B67351 /* Assets.xcassets */; };
		DABC2E2123A3322700B67351 /* LaunchScreen.storyboard in Resources */ = {isa = PBXBuildFile; fileRef = DABC2E1F23A3322700B67351 /* LaunchScreen.storyboard */; };
		DABC2E2923A5636D00B67351 /* CharacterViewController.swift in Sources */ = {isa = PBXBuildFile; fileRef = DABC2E2823A5636D00B67351 /* CharacterViewController.swift */; };
		DABC2E2B23A5818900B67351 /* AboutCharacter.swift in Sources */ = {isa = PBXBuildFile; fileRef = DABC2E2A23A5818900B67351 /* AboutCharacter.swift */; };
/* End PBXBuildFile section */

/* Begin PBXFileReference section */
		DABC2E1123A3321F00B67351 /* Star Wars Charaters.app */ = {isa = PBXFileReference; explicitFileType = wrapper.application; includeInIndex = 0; path = "Star Wars Charaters.app"; sourceTree = BUILT_PRODUCTS_DIR; };
		DABC2E1423A3321F00B67351 /* AppDelegate.swift */ = {isa = PBXFileReference; lastKnownFileType = sourcecode.swift; path = AppDelegate.swift; sourceTree = "<group>"; };
		DABC2E1623A3321F00B67351 /* SceneDelegate.swift */ = {isa = PBXFileReference; lastKnownFileType = sourcecode.swift; path = SceneDelegate.swift; sourceTree = "<group>"; };
		DABC2E1823A3321F00B67351 /* ViewController.swift */ = {isa = PBXFileReference; lastKnownFileType = sourcecode.swift; path = ViewController.swift; sourceTree = "<group>"; };
		DABC2E1B23A3321F00B67351 /* Base */ = {isa = PBXFileReference; lastKnownFileType = file.storyboard; name = Base; path = Base.lproj/Main.storyboard; sourceTree = "<group>"; };
		DABC2E1D23A3322700B67351 /* Assets.xcassets */ = {isa = PBXFileReference; lastKnownFileType = folder.assetcatalog; path = Assets.xcassets; sourceTree = "<group>"; };
		DABC2E2023A3322700B67351 /* Base */ = {isa = PBXFileReference; lastKnownFileType = file.storyboard; name = Base; path = Base.lproj/LaunchScreen.storyboard; sourceTree = "<group>"; };
		DABC2E2223A3322700B67351 /* Info.plist */ = {isa = PBXFileReference; lastKnownFileType = text.plist.xml; path = Info.plist; sourceTree = "<group>"; };
		DABC2E2823A5636D00B67351 /* CharacterViewController.swift */ = {isa = PBXFileReference; lastKnownFileType = sourcecode.swift; path = CharacterViewController.swift; sourceTree = "<group>"; };
		DABC2E2A23A5818900B67351 /* AboutCharacter.swift */ = {isa = PBXFileReference; lastKnownFileType = sourcecode.swift; path = AboutCharacter.swift; sourceTree = "<group>"; };
/* End PBXFileReference section */

/* Begin PBXFrameworksBuildPhase section */
		DABC2E0E23A3321F00B67351 /* Frameworks */ = {
			isa = PBXFrameworksBuildPhase;
			buildActionMask = 2147483647;
			files = (
			);
			runOnlyForDeploymentPostprocessing = 0;
		};
/* End PBXFrameworksBuildPhase section */

/* Begin PBXGroup section */
		DABC2E0823A3321F00B67351 = {
			isa = PBXGroup;
			children = (
				DABC2E1323A3321F00B67351 /* Star Wars Charaters */,
				DABC2E1223A3321F00B67351 /* Products */,
			);
			sourceTree = "<group>";
		};
		DABC2E1223A3321F00B67351 /* Products */ = {
			isa = PBXGroup;
			children = (
				DABC2E1123A3321F00B67351 /* Star Wars Charaters.app */,
			);
			name = Products;
			sourceTree = "<group>";
		};
		DABC2E1323A3321F00B67351 /* Star Wars Charaters */ = {
			isa = PBXGroup;
			children = (
				DABC2E1423A3321F00B67351 /* AppDelegate.swift */,
				DABC2E1623A3321F00B67351 /* SceneDelegate.swift */,
				DABC2E1823A3321F00B67351 /* ViewController.swift */,
				DABC2E1A23A3321F00B67351 /* Main.storyboard */,
				DABC2E1D23A3322700B67351 /* Assets.xcassets */,
				DABC2E1F23A3322700B67351 /* LaunchScreen.storyboard */,
				DABC2E2223A3322700B67351 /* Info.plist */,
				DABC2E2823A5636D00B67351 /* CharacterViewController.swift */,
				DABC2E2A23A5818900B67351 /* AboutCharacter.swift */,
			);
			path = "Star Wars Charaters";
			sourceTree = "<group>";
		};
/* End PBXGroup section */

/* Begin PBXNativeTarget section */
		DABC2E1023A3321F00B67351 /* Star Wars Charaters */ = {
			isa = PBXNativeTarget;
			buildConfigurationList = DABC2E2523A3322700B67351 /* Build configuration list for PBXNativeTarget "Star Wars Charaters" */;
			buildPhases = (
				DABC2E0D23A3321F00B67351 /* Sources */,
				DABC2E0E23A3321F00B67351 /* Frameworks */,
				DABC2E0F23A3321F00B67351 /* Resources */,
			);
			buildRules = (
			);
			dependencies = (
			);
			name = "Star Wars Charaters";
			productName = "Star Wars Charaters";
			productReference = DABC2E1123A3321F00B67351 /* Star Wars Charaters.app */;
			productType = "com.apple.product-type.application";
		};
/* End PBXNativeTarget section */

/* Begin PBXProject section */
		DABC2E0923A3321F00B67351 /* Project object */ = {
			isa = PBXProject;
			attributes = {
				LastSwiftUpdateCheck = 1130;
				LastUpgradeCheck = 1130;
				ORGANIZATIONNAME = "Kinney Kare";
				TargetAttributes = {
					DABC2E1023A3321F00B67351 = {
						CreatedOnToolsVersion = 11.3;
					};
				};
			};
			buildConfigurationList = DABC2E0C23A3321F00B67351 /* Build configuration list for PBXProject "Star Wars Charaters" */;
			compatibilityVersion = "Xcode 9.3";
			developmentRegion = en;
			hasScannedForEncodings = 0;
			knownRegions = (
				en,
				Base,
			);
			mainGroup = DABC2E0823A3321F00B67351;
			productRefGroup = DABC2E1223A3321F00B67351 /* Products */;
			projectDirPath = "";
			projectRoot = "";
			targets = (
				DABC2E1023A3321F00B67351 /* Star Wars Charaters */,
			);
		};
/* End PBXProject section */

/* Begin PBXResourcesBuildPhase section */
		DABC2E0F23A3321F00B67351 /* Resources */ = {
			isa = PBXResourcesBuildPhase;
			buildActionMask = 2147483647;
			files = (
				DABC2E2123A3322700B67351 /* LaunchScreen.storyboard in Resources */,
				DABC2E1E23A3322700B67351 /* Assets.xcassets in Resources */,
				DABC2E1C23A3321F00B67351 /* Main.storyboard in Resources */,
			);
			runOnlyForDeploymentPostprocessing = 0;
		};
/* End PBXResourcesBuildPhase section */

/* Begin PBXSourcesBuildPhase section */
		DABC2E0D23A3321F00B67351 /* Sources */ = {
			isa = PBXSourcesBuildPhase;
			buildActionMask = 2147483647;
			files = (
				DABC2E2B23A5818900B67351 /* AboutCharacter.swift in Sources */,
				DABC2E2923A5636D00B67351 /* CharacterViewController.swift in Sources */,
				DABC2E1923A3321F00B67351 /* ViewController.swift in Sources */,
				DABC2E1523A3321F00B67351 /* AppDelegate.swift in Sources */,
				DABC2E1723A3321F00B67351 /* SceneDelegate.swift in Sources */,
			);
			runOnlyForDeploymentPostprocessing = 0;
		};
/* End PBXSourcesBuildPhase section */

/* Begin PBXVariantGroup section */
		DABC2E1A23A3321F00B67351 /* Main.storyboard */ = {
			isa = PBXVariantGroup;
			children = (
				DABC2E1B23A3321F00B67351 /* Base */,
			);
			name = Main.storyboard;
			sourceTree = "<group>";
		};
		DABC2E1F23A3322700B67351 /* LaunchScreen.storyboard */ = {
			isa = PBXVariantGroup;
			children = (
				DABC2E2023A3322700B67351 /* Base */,
			);
			name = LaunchScreen.storyboard;
			sourceTree = "<group>";
		};
/* End PBXVariantGroup section */

/* Begin XCBuildConfiguration section */
		DABC2E2323A3322700B67351 /* Debug */ = {
			isa = XCBuildConfiguration;
			buildSettings = {
				ALWAYS_SEARCH_USER_PATHS = NO;
				CLANG_ANALYZER_NONNULL = YES;
				CLANG_ANALYZER_NUMBER_OBJECT_CONVERSION = YES_AGGRESSIVE;
				CLANG_CXX_LANGUAGE_STANDARD = "gnu++14";
				CLANG_CXX_LIBRARY = "libc++";
				CLANG_ENABLE_MODULES = YES;
				CLANG_ENABLE_OBJC_ARC = YES;
				CLANG_ENABLE_OBJC_WEAK = YES;
				CLANG_WARN_BLOCK_CAPTURE_AUTORELEASING = YES;
				CLANG_WARN_BOOL_CONVERSION = YES;
				CLANG_WARN_COMMA = YES;
				CLANG_WARN_CONSTANT_CONVERSION = YES;
				CLANG_WARN_DEPRECATED_OBJC_IMPLEMENTATIONS = YES;
				CLANG_WARN_DIRECT_OBJC_ISA_USAGE = YES_ERROR;
				CLANG_WARN_DOCUMENTATION_COMMENTS = YES;
				CLANG_WARN_EMPTY_BODY = YES;
				CLANG_WARN_ENUM_CONVERSION = YES;
				CLANG_WARN_INFINITE_RECURSION = YES;
				CLANG_WARN_INT_CONVERSION = YES;
				CLANG_WARN_NON_LITERAL_NULL_CONVERSION = YES;
				CLANG_WARN_OBJC_IMPLICIT_RETAIN_SELF = YES;
				CLANG_WARN_OBJC_LITERAL_CONVERSION = YES;
				CLANG_WARN_OBJC_ROOT_CLASS = YES_ERROR;
				CLANG_WARN_RANGE_LOOP_ANALYSIS = YES;
				CLANG_WARN_STRICT_PROTOTYPES = YES;
				CLANG_WARN_SUSPICIOUS_MOVE = YES;
				CLANG_WARN_UNGUARDED_AVAILABILITY = YES_AGGRESSIVE;
				CLANG_WARN_UNREACHABLE_CODE = YES;
				CLANG_WARN__DUPLICATE_METHOD_MATCH = YES;
				COPY_PHASE_STRIP = NO;
				DEBUG_INFORMATION_FORMAT = dwarf;
				ENABLE_STRICT_OBJC_MSGSEND = YES;
				ENABLE_TESTABILITY = YES;
				GCC_C_LANGUAGE_STANDARD = gnu11;
				GCC_DYNAMIC_NO_PIC = NO;
				GCC_NO_COMMON_BLOCKS = YES;
				GCC_OPTIMIZATION_LEVEL = 0;
				GCC_PREPROCESSOR_DEFINITIONS = (
					"DEBUG=1",
					"$(inherited)",
				);
				GCC_WARN_64_TO_32_BIT_CONVERSION = YES;
				GCC_WARN_ABOUT_RETURN_TYPE = YES_ERROR;
				GCC_WARN_UNDECLARED_SELECTOR = YES;
				GCC_WARN_UNINITIALIZED_AUTOS = YES_AGGRESSIVE;
				GCC_WARN_UNUSED_FUNCTION = YES;
				GCC_WARN_UNUSED_VARIABLE = YES;
				IPHONEOS_DEPLOYMENT_TARGET = 13.2;
				MTL_ENABLE_DEBUG_INFO = INCLUDE_SOURCE;
				MTL_FAST_MATH = YES;
				ONLY_ACTIVE_ARCH = YES;
				SDKROOT = iphoneos;
				SWIFT_ACTIVE_COMPILATION_CONDITIONS = DEBUG;
				SWIFT_OPTIMIZATION_LEVEL = "-Onone";
			};
			name = Debug;
		};
		DABC2E2423A3322700B67351 /* Release */ = {
			isa = XCBuildConfiguration;
			buildSettings = {
				ALWAYS_SEARCH_USER_PATHS = NO;
				CLANG_ANALYZER_NONNULL = YES;
				CLANG_ANALYZER_NUMBER_OBJECT_CONVERSION = YES_AGGRESSIVE;
				CLANG_CXX_LANGUAGE_STANDARD = "gnu++14";
				CLANG_CXX_LIBRARY = "libc++";
				CLANG_ENABLE_MODULES = YES;
				CLANG_ENABLE_OBJC_ARC = YES;
				CLANG_ENABLE_OBJC_WEAK = YES;
				CLANG_WARN_BLOCK_CAPTURE_AUTORELEASING = YES;
				CLANG_WARN_BOOL_CONVERSION = YES;
				CLANG_WARN_COMMA = YES;
				CLANG_WARN_CONSTANT_CONVERSION = YES;
				CLANG_WARN_DEPRECATED_OBJC_IMPLEMENTATIONS = YES;
				CLANG_WARN_DIRECT_OBJC_ISA_USAGE = YES_ERROR;
				CLANG_WARN_DOCUMENTATION_COMMENTS = YES;
				CLANG_WARN_EMPTY_BODY = YES;
				CLANG_WARN_ENUM_CONVERSION = YES;
				CLANG_WARN_INFINITE_RECURSION = YES;
				CLANG_WARN_INT_CONVERSION = YES;
				CLANG_WARN_NON_LITERAL_NULL_CONVERSION = YES;
				CLANG_WARN_OBJC_IMPLICIT_RETAIN_SELF = YES;
				CLANG_WARN_OBJC_LITERAL_CONVERSION = YES;
				CLANG_WARN_OBJC_ROOT_CLASS = YES_ERROR;
				CLANG_WARN_RANGE_LOOP_ANALYSIS = YES;
				CLANG_WARN_STRICT_PROTOTYPES = YES;
				CLANG_WARN_SUSPICIOUS_MOVE = YES;
				CLANG_WARN_UNGUARDED_AVAILABILITY = YES_AGGRESSIVE;
				CLANG_WARN_UNREACHABLE_CODE = YES;
				CLANG_WARN__DUPLICATE_METHOD_MATCH = YES;
				COPY_PHASE_STRIP = NO;
				DEBUG_INFORMATION_FORMAT = "dwarf-with-dsym";
				ENABLE_NS_ASSERTIONS = NO;
				ENABLE_STRICT_OBJC_MSGSEND = YES;
				GCC_C_LANGUAGE_STANDARD = gnu11;
				GCC_NO_COMMON_BLOCKS = YES;
				GCC_WARN_64_TO_32_BIT_CONVERSION = YES;
				GCC_WARN_ABOUT_RETURN_TYPE = YES_ERROR;
				GCC_WARN_UNDECLARED_SELECTOR = YES;
				GCC_WARN_UNINITIALIZED_AUTOS = YES_AGGRESSIVE;
				GCC_WARN_UNUSED_FUNCTION = YES;
				GCC_WARN_UNUSED_VARIABLE = YES;
				IPHONEOS_DEPLOYMENT_TARGET = 13.2;
				MTL_ENABLE_DEBUG_INFO = NO;
				MTL_FAST_MATH = YES;
				SDKROOT = iphoneos;
				SWIFT_COMPILATION_MODE = wholemodule;
				SWIFT_OPTIMIZATION_LEVEL = "-O";
				VALIDATE_PRODUCT = YES;
			};
			name = Release;
		};
		DABC2E2623A3322700B67351 /* Debug */ = {
			isa = XCBuildConfiguration;
			buildSettings = {
				ASSETCATALOG_COMPILER_APPICON_NAME = AppIcon;
				CODE_SIGN_STYLE = Automatic;
				DEVELOPMENT_TEAM = R7SHSK6MNC;
				INFOPLIST_FILE = "Star Wars Charaters/Info.plist";
				LD_RUNPATH_SEARCH_PATHS = (
					"$(inherited)",
					"@executable_path/Frameworks",
				);
				PRODUCT_BUNDLE_IDENTIFIER = "com.kinneykare.Star-Wars-Charaters";
				PRODUCT_NAME = "$(TARGET_NAME)";
				SWIFT_VERSION = 5.0;
				TARGETED_DEVICE_FAMILY = 1;
			};
			name = Debug;
		};
		DABC2E2723A3322700B67351 /* Release */ = {
			isa = XCBuildConfiguration;
			buildSettings = {
				ASSETCATALOG_COMPILER_APPICON_NAME = AppIcon;
				CODE_SIGN_STYLE = Automatic;
				DEVELOPMENT_TEAM = R7SHSK6MNC;
				INFOPLIST_FILE = "Star Wars Charaters/Info.plist";
				LD_RUNPATH_SEARCH_PATHS = (
					"$(inherited)",
					"@executable_path/Frameworks",
				);
				PRODUCT_BUNDLE_IDENTIFIER = "com.kinneykare.Star-Wars-Charaters";
				PRODUCT_NAME = "$(TARGET_NAME)";
				SWIFT_VERSION = 5.0;
				TARGETED_DEVICE_FAMILY = 1;
			};
			name = Release;
		};
/* End XCBuildConfiguration section */

/* Begin XCConfigurationList section */
		DABC2E0C23A3321F00B67351 /* Build configuration list for PBXProject "Star Wars Charaters" */ = {
			isa = XCConfigurationList;
			buildConfigurations = (
				DABC2E2323A3322700B67351 /* Debug */,
				DABC2E2423A3322700B67351 /* Release */,
			);
			defaultConfigurationIsVisible = 0;
			defaultConfigurationName = Release;
		};
		DABC2E2523A3322700B67351 /* Build configuration list for PBXNativeTarget "Star Wars Charaters" */ = {
			isa = XCConfigurationList;
			buildConfigurations = (
				DABC2E2623A3322700B67351 /* Debug */,
				DABC2E2723A3322700B67351 /* Release */,
			);
			defaultConfigurationIsVisible = 0;
			defaultConfigurationName = Release;
		};
/* End XCConfigurationList section */
	};
	rootObject = DABC2E0923A3321F00B67351 /* Project object */;
}
